<?xml version="1.0" encoding="utf-8"?>
<Project ToolsVersion="4.0" xmlns="http://schemas.microsoft.com/developer/msbuild/2003">
  <ItemGroup>
    <ClCompile Include="Animation.cpp" />
    <ClCompile Include="Building.cpp" />
    <ClCompile Include="CombatUnit.cpp" />
    <ClCompile Include="Console.cpp" />
    <ClCompile Include="EntityManager.cpp" />
    <ClCompile Include="FoWManager.cpp" />
    <ClCompile Include="HealthSystem.cpp" />
    <ClCompile Include="CurrencySystem.cpp" />
    <ClCompile Include="HUD.cpp" />
    <ClCompile Include="j1FadeToBlack.cpp" />
    <ClCompile Include="j1Fonts.cpp" />
    <ClCompile Include="j1Gui.cpp" />
    <ClCompile Include="j1LogoScene.cpp" />
    <ClCompile Include="j1Main.cpp" />
    <ClCompile Include="j1App.cpp" />
    <ClCompile Include="j1Audio.cpp" />
    <ClCompile Include="j1Input.cpp" />
    <ClCompile Include="j1Map.cpp" />
    <ClCompile Include="j1Minimap.cpp" />
    <ClCompile Include="j1Particle.cpp" />
    <ClCompile Include="j1ParticleManager.cpp" />
    <ClCompile Include="j1Pathfinding.cpp" />
    <ClCompile Include="j1PerfTimer.cpp" />
    <ClCompile Include="j1TutorialScene.cpp" />
    <ClCompile Include="LevelSystem.cpp" />
    <ClCompile Include="PathFinder.cpp" />
    <ClCompile Include="Player.cpp" />
    <ClCompile Include="j1Scene.cpp" />
    <ClCompile Include="j1Timer.cpp" />
    <ClCompile Include="p2Log.cpp" />
    <ClCompile Include="j1Render.cpp" />
    <ClCompile Include="j1Textures.cpp" />
    <ClCompile Include="j1Window.cpp" />
    <ClCompile Include="PugiXml\src\pugixml.cpp" />
    <ClCompile Include="j1TitleScene.cpp" />
    <ClCompile Include="ResearchMenu.cpp" />
    <ClCompile Include="TooltipData.cpp" />
    <ClCompile Include="Unit.cpp" />
    <ClCompile Include="QuadTree.cpp">
      <Filter>Trees</Filter>
    </ClCompile>
    <ClCompile Include="MaykMath.cpp">
      <Filter>Trees\Math</Filter>
    </ClCompile>
    <ClCompile Include="AABBTree.cpp">
      <Filter>Trees</Filter>
    </ClCompile>
    <ClCompile Include="TutorialMessages.cpp" />
  </ItemGroup>
  <ItemGroup>
    <ClInclude Include="Animation.h" />
    <ClInclude Include="Building.h" />
    <ClInclude Include="ClassicAnimation.h" />
    <ClInclude Include="CombatUnit.h" />
    <ClInclude Include="Console.h" />
    <ClInclude Include="Entity.h" />
    <ClInclude Include="EntityManager.h" />
    <ClInclude Include="FoWBitDefs.h" />
    <ClInclude Include="FoWManager.h" />
    <ClInclude Include="HealthSystem.h" />
    <ClInclude Include="CurrencySystem.h" />
    <ClInclude Include="HUD.h" />
    <ClInclude Include="j1FadeToBlack.h" />
    <ClInclude Include="j1Fonts.h" />
    <ClInclude Include="j1Gui.h" />
    <ClInclude Include="j1LogoScene.h" />
    <ClInclude Include="j1Map.h" />
    <ClInclude Include="j1Minimap.h" />
    <ClInclude Include="j1Particle.h" />
    <ClInclude Include="j1ParticleManager.h" />
    <ClInclude Include="j1Pathfinding.h" />
    <ClInclude Include="j1PerfTimer.h" />
    <ClInclude Include="j1TutorialScene.h" />
    <ClInclude Include="LevelSystem.h" />
    <ClInclude Include="MemLeaks.h" />
    <ClInclude Include="PathFinder.h" />
    <ClInclude Include="Player.h" />
    <ClInclude Include="j1Scene.h" />
    <ClInclude Include="j1Timer.h" />
    <ClInclude Include="j1Audio.h" />
    <ClInclude Include="j1Input.h" />
    <ClInclude Include="p2Log.h" />
    <ClInclude Include="j1App.h" />
    <ClInclude Include="p2Defs.h" />
    <ClInclude Include="j1Module.h" />
    <ClInclude Include="p2Point.h" />
    <ClInclude Include="j1Render.h" />
    <ClInclude Include="j1Textures.h" />
    <ClInclude Include="j1Window.h" />
    <ClInclude Include="PugiXml\src\pugiconfig.hpp" />
    <ClInclude Include="PugiXml\src\pugixml.hpp" />
    <ClInclude Include="j1TitleScene.h" />
    <ClInclude Include="ResearchMenu.h" />
    <ClInclude Include="TooltipData.h" />
    <ClInclude Include="Unit.h" />
    <ClInclude Include="QuadTree.h">
      <Filter>Trees</Filter>
    </ClInclude>
    <ClInclude Include="MaykMath.h">
      <Filter>Trees\Math</Filter>
    </ClInclude>
    <ClInclude Include="AABBTree.h">
      <Filter>Trees</Filter>
    </ClInclude>
    <ClInclude Include="TutorialMessages.h" />
  </ItemGroup>
  <ItemGroup>
    <Text Include="TODOS.txt" />
  </ItemGroup>
  <ItemGroup>
    <Filter Include="Trees">
      <UniqueIdentifier>{d2abf66a-1287-42b5-93ec-19c3f1f6cf69}</UniqueIdentifier>
    </Filter>
    <Filter Include="Trees\Math">
      <UniqueIdentifier>{f54e8cb9-d77a-4f56-903c-207668c50797}</UniqueIdentifier>
    </Filter>
  </ItemGroup>
</Project>
